
Microsoft Visual Studio Solution File, Format Version 12.00
# Visual Studio Version 16
VisualStudioVersion = 16.0.33214.272
MinimumVisualStudioVersion = 10.0.40219.1
Project("{888888A0-9F3D-457C-B088-3A5042F75D52}") = "VA_Lab4_1", "VA_Lab4_1\VA_Lab4_1.pyproj", "{2D438D7E-2908-4E71-8EA9-B018D7FDF3F7}"
EndProject
Global
	GlobalSection(SolutionConfigurationPlatforms) = preSolution
		Debug|Any CPU = Debug|Any CPU
		Release|Any CPU = Release|Any CPU
	EndGlobalSection
	GlobalSection(ProjectConfigurationPlatforms) = postSolution
		{2D438D7E-2908-4E71-8EA9-B018D7FDF3F7}.Debug|Any CPU.ActiveCfg = Debug|Any CPU
		{2D438D7E-2908-4E71-8EA9-B018D7FDF3F7}.Release|Any CPU.ActiveCfg = Release|Any CPU
	EndGlobalSection
	GlobalSection(SolutionProperties) = preSolution
		HideSolutionNode = FALSE
	EndGlobalSection
	GlobalSection(ExtensibilityGlobals) = postSolution
		SolutionGuid = {CE337658-5B16-4127-81CE-D32D6EBA6E87}
	EndGlobalSection
EndGlobal
